
Microsoft Visual Studio Solution File, Format Version 11.00
# Visual Studio 2010
Project("{FAE04EC0-301F-11D3-BF4B-00C04F79EFBC}") = "jobsiteDemo", "jobsiteDemo\jobsiteDemo.csproj", "{D3CFB3B8-6849-4B05-9FB3-F2640C734264}"
EndProject
Project("{FAE04EC0-301F-11D3-BF4B-00C04F79EFBC}") = "jobsiteDemo.Tests", "jobsiteDemo.Tests\jobsiteDemo.Tests.csproj", "{42EE96CC-D0FF-45C8-AFA8-2C0C4F44C034}"
EndProject
Project("{FAE04EC0-301F-11D3-BF4B-00C04F79EFBC}") = "specs", "..\jositeDemo\specs\specs.csproj", "{80E0E4DC-C272-43C2-9124-677520C56FC3}"
EndProject
Global
	GlobalSection(SolutionConfigurationPlatforms) = preSolution
		Debug|Any CPU = Debug|Any CPU
		Release|Any CPU = Release|Any CPU
	EndGlobalSection
	GlobalSection(ProjectConfigurationPlatforms) = postSolution
		{D3CFB3B8-6849-4B05-9FB3-F2640C734264}.Debug|Any CPU.ActiveCfg = Debug|Any CPU
		{D3CFB3B8-6849-4B05-9FB3-F2640C734264}.Debug|Any CPU.Build.0 = Debug|Any CPU
		{D3CFB3B8-6849-4B05-9FB3-F2640C734264}.Release|Any CPU.ActiveCfg = Release|Any CPU
		{D3CFB3B8-6849-4B05-9FB3-F2640C734264}.Release|Any CPU.Build.0 = Release|Any CPU
		{42EE96CC-D0FF-45C8-AFA8-2C0C4F44C034}.Debug|Any CPU.ActiveCfg = Debug|Any CPU
		{42EE96CC-D0FF-45C8-AFA8-2C0C4F44C034}.Debug|Any CPU.Build.0 = Debug|Any CPU
		{42EE96CC-D0FF-45C8-AFA8-2C0C4F44C034}.Release|Any CPU.ActiveCfg = Release|Any CPU
		{42EE96CC-D0FF-45C8-AFA8-2C0C4F44C034}.Release|Any CPU.Build.0 = Release|Any CPU
		{80E0E4DC-C272-43C2-9124-677520C56FC3}.Debug|Any CPU.ActiveCfg = Debug|Any CPU
		{80E0E4DC-C272-43C2-9124-677520C56FC3}.Debug|Any CPU.Build.0 = Debug|Any CPU
		{80E0E4DC-C272-43C2-9124-677520C56FC3}.Release|Any CPU.ActiveCfg = Release|Any CPU
		{80E0E4DC-C272-43C2-9124-677520C56FC3}.Release|Any CPU.Build.0 = Release|Any CPU
	EndGlobalSection
	GlobalSection(SolutionProperties) = preSolution
		HideSolutionNode = FALSE
	EndGlobalSection
EndGlobal
